// !$*UTF8*$!
{
	archiveVersion = 1;
	classes = {
	};
	objectVersion = 46;
	objects = {

/* Begin PBXBuildFile section */
		8F03A20E1D190735008DB242 /* RectangleLayer.m in Sources */ = {isa = PBXBuildFile; fileRef = 8F03A20D1D190735008DB242 /* RectangleLayer.m */; };
		8F03A2111D191231008DB242 /* WaveLayer.m in Sources */ = {isa = PBXBuildFile; fileRef = 8F03A2101D191231008DB242 /* WaveLayer.m */; };
		8FD2407B1D17C7F9001075EF /* main.m in Sources */ = {isa = PBXBuildFile; fileRef = 8FD2407A1D17C7F9001075EF /* main.m */; };
		8FD2407E1D17C7F9001075EF /* AppDelegate.m in Sources */ = {isa = PBXBuildFile; fileRef = 8FD2407D1D17C7F9001075EF /* AppDelegate.m */; };
		8FD240811D17C7F9001075EF /* ViewController.m in Sources */ = {isa = PBXBuildFile; fileRef = 8FD240801D17C7F9001075EF /* ViewController.m */; };
		8FD240841D17C7F9001075EF /* Main.storyboard in Resources */ = {isa = PBXBuildFile; fileRef = 8FD240821D17C7F9001075EF /* Main.storyboard */; };
		8FD240861D17C7F9001075EF /* Assets.xcassets in Resources */ = {isa = PBXBuildFile; fileRef = 8FD240851D17C7F9001075EF /* Assets.xcassets */; };
		8FD240891D17C7F9001075EF /* LaunchScreen.storyboard in Resources */ = {isa = PBXBuildFile; fileRef = 8FD240871D17C7F9001075EF /* LaunchScreen.storyboard */; };
		8FD2409A1D17C89B001075EF /* CircleLayer.m in Sources */ = {isa = PBXBuildFile; fileRef = 8FD240991D17C89B001075EF /* CircleLayer.m */; };
		8FD2409D1D17C8BB001075EF /* SYLoadingView.m in Sources */ = {isa = PBXBuildFile; fileRef = 8FD2409C1D17C8BB001075EF /* SYLoadingView.m */; };
		8FD240A01D17DE0F001075EF /* TriangleLayer.m in Sources */ = {isa = PBXBuildFile; fileRef = 8FD2409F1D17DE0F001075EF /* TriangleLayer.m */; };
/* End PBXBuildFile section */

/* Begin PBXFileReference section */
		8F03A20C1D190735008DB242 /* RectangleLayer.h */ = {isa = PBXFileReference; fileEncoding = 4; lastKnownFileType = sourcecode.c.h; name = RectangleLayer.h; path = SYLoadingAnimation/SYLayer/RectangleLayer.h; sourceTree = "<group>"; };
		8F03A20D1D190735008DB242 /* RectangleLayer.m */ = {isa = PBXFileReference; fileEncoding = 4; lastKnownFileType = sourcecode.c.objc; name = RectangleLayer.m; path = SYLoadingAnimation/SYLayer/RectangleLayer.m; sourceTree = "<group>"; };
		8F03A20F1D191231008DB242 /* WaveLayer.h */ = {isa = PBXFileReference; fileEncoding = 4; lastKnownFileType = sourcecode.c.h; name = WaveLayer.h; path = SYLoadingAnimation/SYLayer/WaveLayer.h; sourceTree = "<group>"; };
		8F03A2101D191231008DB242 /* WaveLayer.m */ = {isa = PBXFileReference; fileEncoding = 4; lastKnownFileType = sourcecode.c.objc; name = WaveLayer.m; path = SYLoadingAnimation/SYLayer/WaveLayer.m; sourceTree = "<group>"; };
		8F1C65981D1B790E00E923AC /* SYLoadingSetting.h */ = {isa = PBXFileReference; fileEncoding = 4; lastKnownFileType = sourcecode.c.h; name = SYLoadingSetting.h; path = SYLoadingAnimation/SYLoadingSetting.h; sourceTree = "<group>"; };
		8FD240761D17C7F9001075EF /* LoadingAnimationDemo.app */ = {isa = PBXFileReference; explicitFileType = wrapper.application; includeInIndex = 0; path = LoadingAnimationDemo.app; sourceTree = BUILT_PRODUCTS_DIR; };
		8FD2407A1D17C7F9001075EF /* main.m */ = {isa = PBXFileReference; lastKnownFileType = sourcecode.c.objc; path = main.m; sourceTree = "<group>"; };
		8FD2407C1D17C7F9001075EF /* AppDelegate.h */ = {isa = PBXFileReference; lastKnownFileType = sourcecode.c.h; path = AppDelegate.h; sourceTree = "<group>"; };
		8FD2407D1D17C7F9001075EF /* AppDelegate.m */ = {isa = PBXFileReference; lastKnownFileType = sourcecode.c.objc; path = AppDelegate.m; sourceTree = "<group>"; };
		8FD2407F1D17C7F9001075EF /* ViewController.h */ = {isa = PBXFileReference; lastKnownFileType = sourcecode.c.h; path = ViewController.h; sourceTree = "<group>"; };
		8FD240801D17C7F9001075EF /* ViewController.m */ = {isa = PBXFileReference; lastKnownFileType = sourcecode.c.objc; path = ViewController.m; sourceTree = "<group>"; };
		8FD240831D17C7F9001075EF /* Base */ = {isa = PBXFileReference; lastKnownFileType = file.storyboard; name = Base; path = Base.lproj/Main.storyboard; sourceTree = "<group>"; };
		8FD240851D17C7F9001075EF /* Assets.xcassets */ = {isa = PBXFileReference; lastKnownFileType = folder.assetcatalog; path = Assets.xcassets; sourceTree = "<group>"; };
		8FD240881D17C7F9001075EF /* Base */ = {isa = PBXFileReference; lastKnownFileType = file.storyboard; name = Base; path = Base.lproj/LaunchScreen.storyboard; sourceTree = "<group>"; };
		8FD2408A1D17C7F9001075EF /* Info.plist */ = {isa = PBXFileReference; lastKnownFileType = text.plist.xml; path = Info.plist; sourceTree = "<group>"; };
		8FD240981D17C89B001075EF /* CircleLayer.h */ = {isa = PBXFileReference; fileEncoding = 4; lastKnownFileType = sourcecode.c.h; name = CircleLayer.h; path = SYLoadingAnimation/SYLayer/CircleLayer.h; sourceTree = "<group>"; };
		8FD240991D17C89B001075EF /* CircleLayer.m */ = {isa = PBXFileReference; fileEncoding = 4; lastKnownFileType = sourcecode.c.objc; name = CircleLayer.m; path = SYLoadingAnimation/SYLayer/CircleLayer.m; sourceTree = "<group>"; };
		8FD2409B1D17C8BB001075EF /* SYLoadingView.h */ = {isa = PBXFileReference; fileEncoding = 4; lastKnownFileType = sourcecode.c.h; name = SYLoadingView.h; path = SYLoadingAnimation/SYLoadingView.h; sourceTree = "<group>"; };
		8FD2409C1D17C8BB001075EF /* SYLoadingView.m */ = {isa = PBXFileReference; fileEncoding = 4; lastKnownFileType = sourcecode.c.objc; name = SYLoadingView.m; path = SYLoadingAnimation/SYLoadingView.m; sourceTree = "<group>"; };
		8FD2409E1D17DE0F001075EF /* TriangleLayer.h */ = {isa = PBXFileReference; fileEncoding = 4; lastKnownFileType = sourcecode.c.h; name = TriangleLayer.h; path = SYLoadingAnimation/SYLayer/TriangleLayer.h; sourceTree = "<group>"; };
		8FD2409F1D17DE0F001075EF /* TriangleLayer.m */ = {isa = PBXFileReference; fileEncoding = 4; lastKnownFileType = sourcecode.c.objc; name = TriangleLayer.m; path = SYLoadingAnimation/SYLayer/TriangleLayer.m; sourceTree = "<group>"; };
/* End PBXFileReference section */

/* Begin PBXFrameworksBuildPhase section */
		8FD240731D17C7F9001075EF /* Frameworks */ = {
			isa = PBXFrameworksBuildPhase;
			buildActionMask = 2147483647;
			files = (
			);
			runOnlyForDeploymentPostprocessing = 0;
		};
/* End PBXFrameworksBuildPhase section */

/* Begin PBXGroup section */
		8FD2406D1D17C7F9001075EF = {
			isa = PBXGroup;
			children = (
				8FD240901D17C801001075EF /* SYLoadingAnimation */,
				8FD240781D17C7F9001075EF /* LoadingAnimationDemo */,
				8FD240771D17C7F9001075EF /* Products */,
			);
			sourceTree = "<group>";
		};
		8FD240771D17C7F9001075EF /* Products */ = {
			isa = PBXGroup;
			children = (
				8FD240761D17C7F9001075EF /* LoadingAnimationDemo.app */,
			);
			name = Products;
			sourceTree = "<group>";
		};
		8FD240781D17C7F9001075EF /* LoadingAnimationDemo */ = {
			isa = PBXGroup;
			children = (
				8FD2407C1D17C7F9001075EF /* AppDelegate.h */,
				8FD2407D1D17C7F9001075EF /* AppDelegate.m */,
				8FD2407F1D17C7F9001075EF /* ViewController.h */,
				8FD240801D17C7F9001075EF /* ViewController.m */,
				8FD240821D17C7F9001075EF /* Main.storyboard */,
				8FD240851D17C7F9001075EF /* Assets.xcassets */,
				8FD240871D17C7F9001075EF /* LaunchScreen.storyboard */,
				8FD2408A1D17C7F9001075EF /* Info.plist */,
				8FD240791D17C7F9001075EF /* Supporting Files */,
			);
			path = LoadingAnimationDemo;
			sourceTree = "<group>";
		};
		8FD240791D17C7F9001075EF /* Supporting Files */ = {
			isa = PBXGroup;
			children = (
				8FD2407A1D17C7F9001075EF /* main.m */,
			);
			name = "Supporting Files";
			sourceTree = "<group>";
		};
		8FD240901D17C801001075EF /* SYLoadingAnimation */ = {
			isa = PBXGroup;
			children = (
				8FD2409B1D17C8BB001075EF /* SYLoadingView.h */,
				8FD2409C1D17C8BB001075EF /* SYLoadingView.m */,
				8FD240971D17C88F001075EF /* SYLayer */,
			);
			name = SYLoadingAnimation;
			sourceTree = "<group>";
		};
		8FD240971D17C88F001075EF /* SYLayer */ = {
			isa = PBXGroup;
			children = (
				8F1C65981D1B790E00E923AC /* SYLoadingSetting.h */,
				8FD240981D17C89B001075EF /* CircleLayer.h */,
				8FD240991D17C89B001075EF /* CircleLayer.m */,
				8FD2409E1D17DE0F001075EF /* TriangleLayer.h */,
				8FD2409F1D17DE0F001075EF /* TriangleLayer.m */,
				8F03A20C1D190735008DB242 /* RectangleLayer.h */,
				8F03A20D1D190735008DB242 /* RectangleLayer.m */,
				8F03A20F1D191231008DB242 /* WaveLayer.h */,
				8F03A2101D191231008DB242 /* WaveLayer.m */,
			);
			name = SYLayer;
			sourceTree = "<group>";
		};
/* End PBXGroup section */

/* Begin PBXNativeTarget section */
		8FD240751D17C7F9001075EF /* LoadingAnimationDemo */ = {
			isa = PBXNativeTarget;
			buildConfigurationList = 8FD2408D1D17C7F9001075EF /* Build configuration list for PBXNativeTarget "LoadingAnimationDemo" */;
			buildPhases = (
				8FD240721D17C7F9001075EF /* Sources */,
				8FD240731D17C7F9001075EF /* Frameworks */,
				8FD240741D17C7F9001075EF /* Resources */,
			);
			buildRules = (
			);
			dependencies = (
			);
			name = LoadingAnimationDemo;
			productName = LoadingAnimationDemo;
			productReference = 8FD240761D17C7F9001075EF /* LoadingAnimationDemo.app */;
			productType = "com.apple.product-type.application";
		};
/* End PBXNativeTarget section */

/* Begin PBXProject section */
		8FD2406E1D17C7F9001075EF /* Project object */ = {
			isa = PBXProject;
			attributes = {
				LastUpgradeCheck = 0730;
				ORGANIZATIONNAME = SethYin;
				TargetAttributes = {
					8FD240751D17C7F9001075EF = {
						CreatedOnToolsVersion = 7.3.1;
						DevelopmentTeam = 282CWJE4VT;
					};
				};
			};
			buildConfigurationList = 8FD240711D17C7F9001075EF /* Build configuration list for PBXProject "LoadingAnimationDemo" */;
			compatibilityVersion = "Xcode 3.2";
			developmentRegion = English;
			hasScannedForEncodings = 0;
			knownRegions = (
				en,
				Base,
			);
			mainGroup = 8FD2406D1D17C7F9001075EF;
			productRefGroup = 8FD240771D17C7F9001075EF /* Products */;
			projectDirPath = "";
			projectRoot = "";
			targets = (
				8FD240751D17C7F9001075EF /* LoadingAnimationDemo */,
			);
		};
/* End PBXProject section */

/* Begin PBXResourcesBuildPhase section */
		8FD240741D17C7F9001075EF /* Resources */ = {
			isa = PBXResourcesBuildPhase;
			buildActionMask = 2147483647;
			files = (
				8FD240891D17C7F9001075EF /* LaunchScreen.storyboard in Resources */,
				8FD240861D17C7F9001075EF /* Assets.xcassets in Resources */,
				8FD240841D17C7F9001075EF /* Main.storyboard in Resources */,
			);
			runOnlyForDeploymentPostprocessing = 0;
		};
/* End PBXResourcesBuildPhase section */

/* Begin PBXSourcesBuildPhase section */
		8FD240721D17C7F9001075EF /* Sources */ = {
			isa = PBXSourcesBuildPhase;
			buildActionMask = 2147483647;
			files = (
				8F03A20E1D190735008DB242 /* RectangleLayer.m in Sources */,
				8FD240811D17C7F9001075EF /* ViewController.m in Sources */,
				8FD2409D1D17C8BB001075EF /* SYLoadingView.m in Sources */,
				8FD2407E1D17C7F9001075EF /* AppDelegate.m in Sources */,
				8FD2407B1D17C7F9001075EF /* main.m in Sources */,
				8FD2409A1D17C89B001075EF /* CircleLayer.m in Sources */,
				8F03A2111D191231008DB242 /* WaveLayer.m in Sources */,
				8FD240A01D17DE0F001075EF /* TriangleLayer.m in Sources */,
			);
			runOnlyForDeploymentPostprocessing = 0;
		};
/* End PBXSourcesBuildPhase section */

/* Begin PBXVariantGroup section */
		8FD240821D17C7F9001075EF /* Main.storyboard */ = {
			isa = PBXVariantGroup;
			children = (
				8FD240831D17C7F9001075EF /* Base */,
			);
			name = Main.storyboard;
			sourceTree = "<group>";
		};
		8FD240871D17C7F9001075EF /* LaunchScreen.storyboard */ = {
			isa = PBXVariantGroup;
			children = (
				8FD240881D17C7F9001075EF /* Base */,
			);
			name = LaunchScreen.storyboard;
			sourceTree = "<group>";
		};
/* End PBXVariantGroup section */

/* Begin XCBuildConfiguration section */
		8FD2408B1D17C7F9001075EF /* Debug */ = {
			isa = XCBuildConfiguration;
			buildSettings = {
				ALWAYS_SEARCH_USER_PATHS = NO;
				CLANG_ANALYZER_NONNULL = YES;
				CLANG_CXX_LANGUAGE_STANDARD = "gnu++0x";
				CLANG_CXX_LIBRARY = "libc++";
				CLANG_ENABLE_MODULES = YES;
				CLANG_ENABLE_OBJC_ARC = YES;
				CLANG_WARN_BOOL_CONVERSION = YES;
				CLANG_WARN_CONSTANT_CONVERSION = YES;
				CLANG_WARN_DIRECT_OBJC_ISA_USAGE = YES_ERROR;
				CLANG_WARN_EMPTY_BODY = YES;
				CLANG_WARN_ENUM_CONVERSION = YES;
				CLANG_WARN_INT_CONVERSION = YES;
				CLANG_WARN_OBJC_ROOT_CLASS = YES_ERROR;
				CLANG_WARN_UNREACHABLE_CODE = YES;
				CLANG_WARN__DUPLICATE_METHOD_MATCH = YES;
				"CODE_SIGN_IDENTITY[sdk=iphoneos*]" = "iPhone Developer";
				COPY_PHASE_STRIP = NO;
				DEBUG_INFORMATION_FORMAT = dwarf;
				ENABLE_STRICT_OBJC_MSGSEND = YES;
				ENABLE_TESTABILITY = YES;
				GCC_C_LANGUAGE_STANDARD = gnu99;
				GCC_DYNAMIC_NO_PIC = NO;
				GCC_NO_COMMON_BLOCKS = YES;
				GCC_OPTIMIZATION_LEVEL = 0;
				GCC_PREPROCESSOR_DEFINITIONS = (
					"DEBUG=1",
					"$(inherited)",
				);
				GCC_WARN_64_TO_32_BIT_CONVERSION = YES;
				GCC_WARN_ABOUT_RETURN_TYPE = YES_ERROR;
				GCC_WARN_UNDECLARED_SELECTOR = YES;
				GCC_WARN_UNINITIALIZED_AUTOS = YES_AGGRESSIVE;
				GCC_WARN_UNUSED_FUNCTION = YES;
				GCC_WARN_UNUSED_VARIABLE = YES;
				IPHONEOS_DEPLOYMENT_TARGET = 9.3;
				MTL_ENABLE_DEBUG_INFO = YES;
				ONLY_ACTIVE_ARCH = YES;
				SDKROOT = iphoneos;
			};
			name = Debug;
		};
		8FD2408C1D17C7F9001075EF /* Release */ = {
			isa = XCBuildConfiguration;
			buildSettings = {
				ALWAYS_SEARCH_USER_PATHS = NO;
				CLANG_ANALYZER_NONNULL = YES;
				CLANG_CXX_LANGUAGE_STANDARD = "gnu++0x";
				CLANG_CXX_LIBRARY = "libc++";
				CLANG_ENABLE_MODULES = YES;
				CLANG_ENABLE_OBJC_ARC = YES;
				CLANG_WARN_BOOL_CONVERSION = YES;
				CLANG_WARN_CONSTANT_CONVERSION = YES;
				CLANG_WARN_DIRECT_OBJC_ISA_USAGE = YES_ERROR;
				CLANG_WARN_EMPTY_BODY = YES;
				CLANG_WARN_ENUM_CONVERSION = YES;
				CLANG_WARN_INT_CONVERSION = YES;
				CLANG_WARN_OBJC_ROOT_CLASS = YES_ERROR;
				CLANG_WARN_UNREACHABLE_CODE = YES;
				CLANG_WARN__DUPLICATE_METHOD_MATCH = YES;
				"CODE_SIGN_IDENTITY[sdk=iphoneos*]" = "iPhone Developer";
				COPY_PHASE_STRIP = NO;
				DEBUG_INFORMATION_FORMAT = "dwarf-with-dsym";
				ENABLE_NS_ASSERTIONS = NO;
				ENABLE_STRICT_OBJC_MSGSEND = YES;
				GCC_C_LANGUAGE_STANDARD = gnu99;
				GCC_NO_COMMON_BLOCKS = YES;
				GCC_WARN_64_TO_32_BIT_CONVERSION = YES;
				GCC_WARN_ABOUT_RETURN_TYPE = YES_ERROR;
				GCC_WARN_UNDECLARED_SELECTOR = YES;
				GCC_WARN_UNINITIALIZED_AUTOS = YES_AGGRESSIVE;
				GCC_WARN_UNUSED_FUNCTION = YES;
				GCC_WARN_UNUSED_VARIABLE = YES;
				IPHONEOS_DEPLOYMENT_TARGET = 9.3;
				MTL_ENABLE_DEBUG_INFO = NO;
				SDKROOT = iphoneos;
				VALIDATE_PRODUCT = YES;
			};
			name = Release;
		};
		8FD2408E1D17C7F9001075EF /* Debug */ = {
			isa = XCBuildConfiguration;
			buildSettings = {
				ASSETCATALOG_COMPILER_APPICON_NAME = AppIcon;
				DEVELOPMENT_TEAM = 282CWJE4VT;
				INFOPLIST_FILE = LoadingAnimationDemo/Info.plist;
				LD_RUNPATH_SEARCH_PATHS = "$(inherited) @executable_path/Frameworks";
				PRODUCT_BUNDLE_IDENTIFIER = com.yxq.LoadingAnimationDemo;
				PRODUCT_NAME = "$(TARGET_NAME)";
			};
			name = Debug;
		};
		8FD2408F1D17C7F9001075EF /* Release */ = {
			isa = XCBuildConfiguration;
			buildSettings = {
				ASSETCATALOG_COMPILER_APPICON_NAME = AppIcon;
				DEVELOPMENT_TEAM = 282CWJE4VT;
				INFOPLIST_FILE = LoadingAnimationDemo/Info.plist;
				LD_RUNPATH_SEARCH_PATHS = "$(inherited) @executable_path/Frameworks";
				PRODUCT_BUNDLE_IDENTIFIER = com.yxq.LoadingAnimationDemo;
				PRODUCT_NAME = "$(TARGET_NAME)";
			};
			name = Release;
		};
/* End XCBuildConfiguration section */

/* Begin XCConfigurationList section */
		8FD240711D17C7F9001075EF /* Build configuration list for PBXProject "LoadingAnimationDemo" */ = {
			isa = XCConfigurationList;
			buildConfigurations = (
				8FD2408B1D17C7F9001075EF /* Debug */,
				8FD2408C1D17C7F9001075EF /* Release */,
			);
			defaultConfigurationIsVisible = 0;
			defaultConfigurationName = Release;
		};
		8FD2408D1D17C7F9001075EF /* Build configuration list for PBXNativeTarget "LoadingAnimationDemo" */ = {
			isa = XCConfigurationList;
			buildConfigurations = (
				8FD2408E1D17C7F9001075EF /* Debug */,
				8FD2408F1D17C7F9001075EF /* Release */,
			);
			defaultConfigurationIsVisible = 0;
			defaultConfigurationName = Release;
		};
/* End XCConfigurationList section */
	};
	rootObject = 8FD2406E1D17C7F9001075EF /* Project object */;
}
